
Microsoft Visual Studio Solution File, Format Version 12.00
# Visual Studio Version 16
VisualStudioVersion = 16.0.28922.388
MinimumVisualStudioVersion = 10.0.40219.1
Project("{FAE04EC0-301F-11D3-BF4B-00C04F79EFBC}") = "Unweighted and Undirected Graphs", "Unweighted and Undirected Graphs\Unweighted and Undirected Graphs.csproj", "{B8534DF1-A2B7-4A83-A826-68BEE3893CF0}"
EndProject
Global
	GlobalSection(SolutionConfigurationPlatforms) = preSolution
		Debug|Any CPU = Debug|Any CPU
		Release|Any CPU = Release|Any CPU
	EndGlobalSection
	GlobalSection(ProjectConfigurationPlatforms) = postSolution
		{B8534DF1-A2B7-4A83-A826-68BEE3893CF0}.Debug|Any CPU.ActiveCfg = Debug|Any CPU
		{B8534DF1-A2B7-4A83-A826-68BEE3893CF0}.Debug|Any CPU.Build.0 = Debug|Any CPU
		{B8534DF1-A2B7-4A83-A826-68BEE3893CF0}.Release|Any CPU.ActiveCfg = Release|Any CPU
		{B8534DF1-A2B7-4A83-A826-68BEE3893CF0}.Release|Any CPU.Build.0 = Release|Any CPU
	EndGlobalSection
	GlobalSection(SolutionProperties) = preSolution
		HideSolutionNode = FALSE
	EndGlobalSection
	GlobalSection(ExtensibilityGlobals) = postSolution
		SolutionGuid = {FF4B0919-1DCA-471E-B1BA-7E2663CB8391}
	EndGlobalSection
EndGlobal
